
Microsoft Visual Studio Solution File, Format Version 12.00
# Visual Studio 15
Project("{FAE04EC0-301F-11D3-BF4B-00C04F79EFBC}") = "Assembly-CSharp", "Assembly-CSharp.csproj", "{8EC0737F-B612-188F-A52F-3B7DCD75644E}"
EndProject
Project("{FAE04EC0-301F-11D3-BF4B-00C04F79EFBC}") = "Assembly-CSharp-Editor", "Assembly-CSharp-Editor.csproj", "{EF1518DF-6CF3-CA05-FCE7-1E54733A1346}"
EndProject
Global
	GlobalSection(SolutionConfigurationPlatforms) = preSolution
		Debug|Any CPU = Debug|Any CPU
		Release|Any CPU = Release|Any CPU
	EndGlobalSection
	GlobalSection(ProjectConfigurationPlatforms) = postSolution
		{8EC0737F-B612-188F-A52F-3B7DCD75644E}.Debug|Any CPU.ActiveCfg = Debug|Any CPU
		{8EC0737F-B612-188F-A52F-3B7DCD75644E}.Debug|Any CPU.Build.0 = Debug|Any CPU
		{8EC0737F-B612-188F-A52F-3B7DCD75644E}.Release|Any CPU.ActiveCfg = Release|Any CPU
		{8EC0737F-B612-188F-A52F-3B7DCD75644E}.Release|Any CPU.Build.0 = Release|Any CPU
		{EF1518DF-6CF3-CA05-FCE7-1E54733A1346}.Debug|Any CPU.ActiveCfg = Debug|Any CPU
		{EF1518DF-6CF3-CA05-FCE7-1E54733A1346}.Debug|Any CPU.Build.0 = Debug|Any CPU
		{EF1518DF-6CF3-CA05-FCE7-1E54733A1346}.Release|Any CPU.ActiveCfg = Release|Any CPU
		{EF1518DF-6CF3-CA05-FCE7-1E54733A1346}.Release|Any CPU.Build.0 = Release|Any CPU
	EndGlobalSection
	GlobalSection(SolutionProperties) = preSolution
		HideSolutionNode = FALSE
	EndGlobalSection
EndGlobal
